
Microsoft Visual Studio Solution File, Format Version 12.00
# Visual Studio Version 17
VisualStudioVersion = 17.4.33103.184
MinimumVisualStudioVersion = 10.0.40219.1
Project("{9A19103F-16F7-4668-BE54-9A1E7A4F7556}") = "LibraryManagment", "LibraryManagment\LibraryManagment.csproj", "{E97BBF54-1A78-4DF4-99CB-3739336E6777}"
EndProject
Project("{9A19103F-16F7-4668-BE54-9A1E7A4F7556}") = "Entities", "Entities\Entities.csproj", "{FDC1EB1D-7028-4102-9F50-48041D477EE2}"
EndProject
Project("{9A19103F-16F7-4668-BE54-9A1E7A4F7556}") = "ServiceContracts", "ServiceContracts\ServiceContracts.csproj", "{33C4BB0D-6572-4A0D-AB7E-3ECF45EFADB8}"
EndProject
Project("{9A19103F-16F7-4668-BE54-9A1E7A4F7556}") = "Services", "Services\Services.csproj", "{EE7BFE4E-F59D-4678-9D98-7DFAFE390625}"
EndProject
Project("{FAE04EC0-301F-11D3-BF4B-00C04F79EFBC}") = "LibraryTests", "LibraryTests\LibraryTests.csproj", "{689BA108-507F-4BEE-ACC7-5F67F3E8196F}"
EndProject
Global
	GlobalSection(SolutionConfigurationPlatforms) = preSolution
		Debug|Any CPU = Debug|Any CPU
		Release|Any CPU = Release|Any CPU
	EndGlobalSection
	GlobalSection(ProjectConfigurationPlatforms) = postSolution
		{E97BBF54-1A78-4DF4-99CB-3739336E6777}.Debug|Any CPU.ActiveCfg = Debug|Any CPU
		{E97BBF54-1A78-4DF4-99CB-3739336E6777}.Debug|Any CPU.Build.0 = Debug|Any CPU
		{E97BBF54-1A78-4DF4-99CB-3739336E6777}.Release|Any CPU.ActiveCfg = Release|Any CPU
		{E97BBF54-1A78-4DF4-99CB-3739336E6777}.Release|Any CPU.Build.0 = Release|Any CPU
		{FDC1EB1D-7028-4102-9F50-48041D477EE2}.Debug|Any CPU.ActiveCfg = Debug|Any CPU
		{FDC1EB1D-7028-4102-9F50-48041D477EE2}.Debug|Any CPU.Build.0 = Debug|Any CPU
		{FDC1EB1D-7028-4102-9F50-48041D477EE2}.Release|Any CPU.ActiveCfg = Release|Any CPU
		{FDC1EB1D-7028-4102-9F50-48041D477EE2}.Release|Any CPU.Build.0 = Release|Any CPU
		{33C4BB0D-6572-4A0D-AB7E-3ECF45EFADB8}.Debug|Any CPU.ActiveCfg = Debug|Any CPU
		{33C4BB0D-6572-4A0D-AB7E-3ECF45EFADB8}.Debug|Any CPU.Build.0 = Debug|Any CPU
		{33C4BB0D-6572-4A0D-AB7E-3ECF45EFADB8}.Release|Any CPU.ActiveCfg = Release|Any CPU
		{33C4BB0D-6572-4A0D-AB7E-3ECF45EFADB8}.Release|Any CPU.Build.0 = Release|Any CPU
		{EE7BFE4E-F59D-4678-9D98-7DFAFE390625}.Debug|Any CPU.ActiveCfg = Debug|Any CPU
		{EE7BFE4E-F59D-4678-9D98-7DFAFE390625}.Debug|Any CPU.Build.0 = Debug|Any CPU
		{EE7BFE4E-F59D-4678-9D98-7DFAFE390625}.Release|Any CPU.ActiveCfg = Release|Any CPU
		{EE7BFE4E-F59D-4678-9D98-7DFAFE390625}.Release|Any CPU.Build.0 = Release|Any CPU
		{689BA108-507F-4BEE-ACC7-5F67F3E8196F}.Debug|Any CPU.ActiveCfg = Debug|Any CPU
		{689BA108-507F-4BEE-ACC7-5F67F3E8196F}.Debug|Any CPU.Build.0 = Debug|Any CPU
		{689BA108-507F-4BEE-ACC7-5F67F3E8196F}.Release|Any CPU.ActiveCfg = Release|Any CPU
		{689BA108-507F-4BEE-ACC7-5F67F3E8196F}.Release|Any CPU.Build.0 = Release|Any CPU
	EndGlobalSection
	GlobalSection(SolutionProperties) = preSolution
		HideSolutionNode = FALSE
	EndGlobalSection
	GlobalSection(ExtensibilityGlobals) = postSolution
		SolutionGuid = {6C96412C-51E3-4B78-9AE5-B6B45D05F839}
	EndGlobalSection
EndGlobal
